
Microsoft Visual Studio Solution File, Format Version 12.00
# Visual Studio Version 16
VisualStudioVersion = 16.0.31729.503
MinimumVisualStudioVersion = 10.0.40219.1
Project("{FAE04EC0-301F-11D3-BF4B-00C04F79EFBC}") = "MalaKriptoEvidencija2022", "MalaKriptoEvidencija2022.csproj", "{1FFB0FDC-CABC-470F-B0C3-BC636A05D52D}"
EndProject
Global
	GlobalSection(SolutionConfigurationPlatforms) = preSolution
		Debug|Any CPU = Debug|Any CPU
		Release|Any CPU = Release|Any CPU
	EndGlobalSection
	GlobalSection(ProjectConfigurationPlatforms) = postSolution
		{1FFB0FDC-CABC-470F-B0C3-BC636A05D52D}.Debug|Any CPU.ActiveCfg = Debug|Any CPU
		{1FFB0FDC-CABC-470F-B0C3-BC636A05D52D}.Debug|Any CPU.Build.0 = Debug|Any CPU
		{1FFB0FDC-CABC-470F-B0C3-BC636A05D52D}.Release|Any CPU.ActiveCfg = Release|Any CPU
		{1FFB0FDC-CABC-470F-B0C3-BC636A05D52D}.Release|Any CPU.Build.0 = Release|Any CPU
	EndGlobalSection
	GlobalSection(SolutionProperties) = preSolution
		HideSolutionNode = FALSE
	EndGlobalSection
	GlobalSection(ExtensibilityGlobals) = postSolution
		SolutionGuid = {BEF13DBE-0EFF-42DB-8478-54A74265D24F}
	EndGlobalSection
EndGlobal
